// !$*UTF8*$!
{
	archiveVersion = 1;
	classes = {
	};
	objectVersion = 46;
	objects = {

/* Begin PBXBuildFile section */
		9A8D43801E1DCD2300B4799B /* AppDelegate.swift in Sources */ = {isa = PBXBuildFile; fileRef = 9A8D437F1E1DCD2300B4799B /* AppDelegate.swift */; };
		9A8D43821E1DCD2300B4799B /* ViewController.swift in Sources */ = {isa = PBXBuildFile; fileRef = 9A8D43811E1DCD2300B4799B /* ViewController.swift */; };
		9A8D43851E1DCD2300B4799B /* Main.storyboard in Resources */ = {isa = PBXBuildFile; fileRef = 9A8D43831E1DCD2300B4799B /* Main.storyboard */; };
		9A8D43871E1DCD2300B4799B /* Assets.xcassets in Resources */ = {isa = PBXBuildFile; fileRef = 9A8D43861E1DCD2300B4799B /* Assets.xcassets */; };
		9A8D438A1E1DCD2300B4799B /* LaunchScreen.storyboard in Resources */ = {isa = PBXBuildFile; fileRef = 9A8D43881E1DCD2300B4799B /* LaunchScreen.storyboard */; };
		9A8D43951E1DCD2400B4799B /* MiraclePillTests.swift in Sources */ = {isa = PBXBuildFile; fileRef = 9A8D43941E1DCD2400B4799B /* MiraclePillTests.swift */; };
		9A8D43A01E1DCD2400B4799B /* MiraclePillUITests.swift in Sources */ = {isa = PBXBuildFile; fileRef = 9A8D439F1E1DCD2400B4799B /* MiraclePillUITests.swift */; };
/* End PBXBuildFile section */

/* Begin PBXContainerItemProxy section */
		9A8D43911E1DCD2400B4799B /* PBXContainerItemProxy */ = {
			isa = PBXContainerItemProxy;
			containerPortal = 9A8D43741E1DCD2300B4799B /* Project object */;
			proxyType = 1;
			remoteGlobalIDString = 9A8D437B1E1DCD2300B4799B;
			remoteInfo = MiraclePill;
		};
		9A8D439C1E1DCD2400B4799B /* PBXContainerItemProxy */ = {
			isa = PBXContainerItemProxy;
			containerPortal = 9A8D43741E1DCD2300B4799B /* Project object */;
			proxyType = 1;
			remoteGlobalIDString = 9A8D437B1E1DCD2300B4799B;
			remoteInfo = MiraclePill;
		};
/* End PBXContainerItemProxy section */

/* Begin PBXFileReference section */
		9A8D437C1E1DCD2300B4799B /* MiraclePill.app */ = {isa = PBXFileReference; explicitFileType = wrapper.application; includeInIndex = 0; path = MiraclePill.app; sourceTree = BUILT_PRODUCTS_DIR; };
		9A8D437F1E1DCD2300B4799B /* AppDelegate.swift */ = {isa = PBXFileReference; lastKnownFileType = sourcecode.swift; path = AppDelegate.swift; sourceTree = "<group>"; };
		9A8D43811E1DCD2300B4799B /* ViewController.swift */ = {isa = PBXFileReference; lastKnownFileType = sourcecode.swift; path = ViewController.swift; sourceTree = "<group>"; };
		9A8D43841E1DCD2300B4799B /* Base */ = {isa = PBXFileReference; lastKnownFileType = file.storyboard; name = Base; path = Base.lproj/Main.storyboard; sourceTree = "<group>"; };
		9A8D43861E1DCD2300B4799B /* Assets.xcassets */ = {isa = PBXFileReference; lastKnownFileType = folder.assetcatalog; path = Assets.xcassets; sourceTree = "<group>"; };
		9A8D43891E1DCD2300B4799B /* Base */ = {isa = PBXFileReference; lastKnownFileType = file.storyboard; name = Base; path = Base.lproj/LaunchScreen.storyboard; sourceTree = "<group>"; };
		9A8D438B1E1DCD2300B4799B /* Info.plist */ = {isa = PBXFileReference; lastKnownFileType = text.plist.xml; path = Info.plist; sourceTree = "<group>"; };
		9A8D43901E1DCD2400B4799B /* MiraclePillTests.xctest */ = {isa = PBXFileReference; explicitFileType = wrapper.cfbundle; includeInIndex = 0; path = MiraclePillTests.xctest; sourceTree = BUILT_PRODUCTS_DIR; };
		9A8D43941E1DCD2400B4799B /* MiraclePillTests.swift */ = {isa = PBXFileReference; lastKnownFileType = sourcecode.swift; path = MiraclePillTests.swift; sourceTree = "<group>"; };
		9A8D43961E1DCD2400B4799B /* Info.plist */ = {isa = PBXFileReference; lastKnownFileType = text.plist.xml; path = Info.plist; sourceTree = "<group>"; };
		9A8D439B1E1DCD2400B4799B /* MiraclePillUITests.xctest */ = {isa = PBXFileReference; explicitFileType = wrapper.cfbundle; includeInIndex = 0; path = MiraclePillUITests.xctest; sourceTree = BUILT_PRODUCTS_DIR; };
		9A8D439F1E1DCD2400B4799B /* MiraclePillUITests.swift */ = {isa = PBXFileReference; lastKnownFileType = sourcecode.swift; path = MiraclePillUITests.swift; sourceTree = "<group>"; };
		9A8D43A11E1DCD2400B4799B /* Info.plist */ = {isa = PBXFileReference; lastKnownFileType = text.plist.xml; path = Info.plist; sourceTree = "<group>"; };
/* End PBXFileReference section */

/* Begin PBXFrameworksBuildPhase section */
		9A8D43791E1DCD2300B4799B /* Frameworks */ = {
			isa = PBXFrameworksBuildPhase;
			buildActionMask = 2147483647;
			files = (
			);
			runOnlyForDeploymentPostprocessing = 0;
		};
		9A8D438D1E1DCD2400B4799B /* Frameworks */ = {
			isa = PBXFrameworksBuildPhase;
			buildActionMask = 2147483647;
			files = (
			);
			runOnlyForDeploymentPostprocessing = 0;
		};
		9A8D43981E1DCD2400B4799B /* Frameworks */ = {
			isa = PBXFrameworksBuildPhase;
			buildActionMask = 2147483647;
			files = (
			);
			runOnlyForDeploymentPostprocessing = 0;
		};
/* End PBXFrameworksBuildPhase section */

/* Begin PBXGroup section */
		9A8D43731E1DCD2300B4799B = {
			isa = PBXGroup;
			children = (
				9A8D437E1E1DCD2300B4799B /* MiraclePill */,
				9A8D43931E1DCD2400B4799B /* MiraclePillTests */,
				9A8D439E1E1DCD2400B4799B /* MiraclePillUITests */,
				9A8D437D1E1DCD2300B4799B /* Products */,
			);
			sourceTree = "<group>";
		};
		9A8D437D1E1DCD2300B4799B /* Products */ = {
			isa = PBXGroup;
			children = (
				9A8D437C1E1DCD2300B4799B /* MiraclePill.app */,
				9A8D43901E1DCD2400B4799B /* MiraclePillTests.xctest */,
				9A8D439B1E1DCD2400B4799B /* MiraclePillUITests.xctest */,
			);
			name = Products;
			sourceTree = "<group>";
		};
		9A8D437E1E1DCD2300B4799B /* MiraclePill */ = {
			isa = PBXGroup;
			children = (
				9A8D437F1E1DCD2300B4799B /* AppDelegate.swift */,
				9A8D43811E1DCD2300B4799B /* ViewController.swift */,
				9A8D43831E1DCD2300B4799B /* Main.storyboard */,
				9A8D43861E1DCD2300B4799B /* Assets.xcassets */,
				9A8D43881E1DCD2300B4799B /* LaunchScreen.storyboard */,
				9A8D438B1E1DCD2300B4799B /* Info.plist */,
			);
			path = MiraclePill;
			sourceTree = "<group>";
		};
		9A8D43931E1DCD2400B4799B /* MiraclePillTests */ = {
			isa = PBXGroup;
			children = (
				9A8D43941E1DCD2400B4799B /* MiraclePillTests.swift */,
				9A8D43961E1DCD2400B4799B /* Info.plist */,
			);
			path = MiraclePillTests;
			sourceTree = "<group>";
		};
		9A8D439E1E1DCD2400B4799B /* MiraclePillUITests */ = {
			isa = PBXGroup;
			children = (
				9A8D439F1E1DCD2400B4799B /* MiraclePillUITests.swift */,
				9A8D43A11E1DCD2400B4799B /* Info.plist */,
			);
			path = MiraclePillUITests;
			sourceTree = "<group>";
		};
/* End PBXGroup section */

/* Begin PBXNativeTarget section */
		9A8D437B1E1DCD2300B4799B /* MiraclePill */ = {
			isa = PBXNativeTarget;
			buildConfigurationList = 9A8D43A41E1DCD2400B4799B /* Build configuration list for PBXNativeTarget "MiraclePill" */;
			buildPhases = (
				9A8D43781E1DCD2300B4799B /* Sources */,
				9A8D43791E1DCD2300B4799B /* Frameworks */,
				9A8D437A1E1DCD2300B4799B /* Resources */,
			);
			buildRules = (
			);
			dependencies = (
			);
			name = MiraclePill;
			productName = MiraclePill;
			productReference = 9A8D437C1E1DCD2300B4799B /* MiraclePill.app */;
			productType = "com.apple.product-type.application";
		};
		9A8D438F1E1DCD2400B4799B /* MiraclePillTests */ = {
			isa = PBXNativeTarget;
			buildConfigurationList = 9A8D43A71E1DCD2400B4799B /* Build configuration list for PBXNativeTarget "MiraclePillTests" */;
			buildPhases = (
				9A8D438C1E1DCD2400B4799B /* Sources */,
				9A8D438D1E1DCD2400B4799B /* Frameworks */,
				9A8D438E1E1DCD2400B4799B /* Resources */,
			);
			buildRules = (
			);
			dependencies = (
				9A8D43921E1DCD2400B4799B /* PBXTargetDependency */,
			);
			name = MiraclePillTests;
			productName = MiraclePillTests;
			productReference = 9A8D43901E1DCD2400B4799B /* MiraclePillTests.xctest */;
			productType = "com.apple.product-type.bundle.unit-test";
		};
		9A8D439A1E1DCD2400B4799B /* MiraclePillUITests */ = {
			isa = PBXNativeTarget;
			buildConfigurationList = 9A8D43AA1E1DCD2400B4799B /* Build configuration list for PBXNativeTarget "MiraclePillUITests" */;
			buildPhases = (
				9A8D43971E1DCD2400B4799B /* Sources */,
				9A8D43981E1DCD2400B4799B /* Frameworks */,
				9A8D43991E1DCD2400B4799B /* Resources */,
			);
			buildRules = (
			);
			dependencies = (
				9A8D439D1E1DCD2400B4799B /* PBXTargetDependency */,
			);
			name = MiraclePillUITests;
			productName = MiraclePillUITests;
			productReference = 9A8D439B1E1DCD2400B4799B /* MiraclePillUITests.xctest */;
			productType = "com.apple.product-type.bundle.ui-testing";
		};
/* End PBXNativeTarget section */

/* Begin PBXProject section */
		9A8D43741E1DCD2300B4799B /* Project object */ = {
			isa = PBXProject;
			attributes = {
				LastSwiftUpdateCheck = 0820;
				LastUpgradeCheck = 0820;
				ORGANIZATIONNAME = "Felipe Soares";
				TargetAttributes = {
					9A8D437B1E1DCD2300B4799B = {
						CreatedOnToolsVersion = 8.2.1;
						DevelopmentTeam = 4X39A8V5CB;
						ProvisioningStyle = Automatic;
					};
					9A8D438F1E1DCD2400B4799B = {
						CreatedOnToolsVersion = 8.2.1;
						DevelopmentTeam = 4X39A8V5CB;
						ProvisioningStyle = Automatic;
						TestTargetID = 9A8D437B1E1DCD2300B4799B;
					};
					9A8D439A1E1DCD2400B4799B = {
						CreatedOnToolsVersion = 8.2.1;
						DevelopmentTeam = 4X39A8V5CB;
						ProvisioningStyle = Automatic;
						TestTargetID = 9A8D437B1E1DCD2300B4799B;
					};
				};
			};
			buildConfigurationList = 9A8D43771E1DCD2300B4799B /* Build configuration list for PBXProject "MiraclePill" */;
			compatibilityVersion = "Xcode 3.2";
			developmentRegion = English;
			hasScannedForEncodings = 0;
			knownRegions = (
				en,
				Base,
			);
			mainGroup = 9A8D43731E1DCD2300B4799B;
			productRefGroup = 9A8D437D1E1DCD2300B4799B /* Products */;
			projectDirPath = "";
			projectRoot = "";
			targets = (
				9A8D437B1E1DCD2300B4799B /* MiraclePill */,
				9A8D438F1E1DCD2400B4799B /* MiraclePillTests */,
				9A8D439A1E1DCD2400B4799B /* MiraclePillUITests */,
			);
		};
/* End PBXProject section */

/* Begin PBXResourcesBuildPhase section */
		9A8D437A1E1DCD2300B4799B /* Resources */ = {
			isa = PBXResourcesBuildPhase;
			buildActionMask = 2147483647;
			files = (
				9A8D438A1E1DCD2300B4799B /* LaunchScreen.storyboard in Resources */,
				9A8D43871E1DCD2300B4799B /* Assets.xcassets in Resources */,
				9A8D43851E1DCD2300B4799B /* Main.storyboard in Resources */,
			);
			runOnlyForDeploymentPostprocessing = 0;
		};
		9A8D438E1E1DCD2400B4799B /* Resources */ = {
			isa = PBXResourcesBuildPhase;
			buildActionMask = 2147483647;
			files = (
			);
			runOnlyForDeploymentPostprocessing = 0;
		};
		9A8D43991E1DCD2400B4799B /* Resources */ = {
			isa = PBXResourcesBuildPhase;
			buildActionMask = 2147483647;
			files = (
			);
			runOnlyForDeploymentPostprocessing = 0;
		};
/* End PBXResourcesBuildPhase section */

/* Begin PBXSourcesBuildPhase section */
		9A8D43781E1DCD2300B4799B /* Sources */ = {
			isa = PBXSourcesBuildPhase;
			buildActionMask = 2147483647;
			files = (
				9A8D43821E1DCD2300B4799B /* ViewController.swift in Sources */,
				9A8D43801E1DCD2300B4799B /* AppDelegate.swift in Sources */,
			);
			runOnlyForDeploymentPostprocessing = 0;
		};
		9A8D438C1E1DCD2400B4799B /* Sources */ = {
			isa = PBXSourcesBuildPhase;
			buildActionMask = 2147483647;
			files = (
				9A8D43951E1DCD2400B4799B /* MiraclePillTests.swift in Sources */,
			);
			runOnlyForDeploymentPostprocessing = 0;
		};
		9A8D43971E1DCD2400B4799B /* Sources */ = {
			isa = PBXSourcesBuildPhase;
			buildActionMask = 2147483647;
			files = (
				9A8D43A01E1DCD2400B4799B /* MiraclePillUITests.swift in Sources */,
			);
			runOnlyForDeploymentPostprocessing = 0;
		};
/* End PBXSourcesBuildPhase section */

/* Begin PBXTargetDependency section */
		9A8D43921E1DCD2400B4799B /* PBXTargetDependency */ = {
			isa = PBXTargetDependency;
			target = 9A8D437B1E1DCD2300B4799B /* MiraclePill */;
			targetProxy = 9A8D43911E1DCD2400B4799B /* PBXContainerItemProxy */;
		};
		9A8D439D1E1DCD2400B4799B /* PBXTargetDependency */ = {
			isa = PBXTargetDependency;
			target = 9A8D437B1E1DCD2300B4799B /* MiraclePill */;
			targetProxy = 9A8D439C1E1DCD2400B4799B /* PBXContainerItemProxy */;
		};
/* End PBXTargetDependency section */

/* Begin PBXVariantGroup section */
		9A8D43831E1DCD2300B4799B /* Main.storyboard */ = {
			isa = PBXVariantGroup;
			children = (
				9A8D43841E1DCD2300B4799B /* Base */,
			);
			name = Main.storyboard;
			sourceTree = "<group>";
		};
		9A8D43881E1DCD2300B4799B /* LaunchScreen.storyboard */ = {
			isa = PBXVariantGroup;
			children = (
				9A8D43891E1DCD2300B4799B /* Base */,
			);
			name = LaunchScreen.storyboard;
			sourceTree = "<group>";
		};
/* End PBXVariantGroup section */

/* Begin XCBuildConfiguration section */
		9A8D43A21E1DCD2400B4799B /* Debug */ = {
			isa = XCBuildConfiguration;
			buildSettings = {
				ALWAYS_SEARCH_USER_PATHS = NO;
				CLANG_ANALYZER_NONNULL = YES;
				CLANG_CXX_LANGUAGE_STANDARD = "gnu++0x";
				CLANG_CXX_LIBRARY = "libc++";
				CLANG_ENABLE_MODULES = YES;
				CLANG_ENABLE_OBJC_ARC = YES;
				CLANG_WARN_BOOL_CONVERSION = YES;
				CLANG_WARN_CONSTANT_CONVERSION = YES;
				CLANG_WARN_DIRECT_OBJC_ISA_USAGE = YES_ERROR;
				CLANG_WARN_DOCUMENTATION_COMMENTS = YES;
				CLANG_WARN_EMPTY_BODY = YES;
				CLANG_WARN_ENUM_CONVERSION = YES;
				CLANG_WARN_INFINITE_RECURSION = YES;
				CLANG_WARN_INT_CONVERSION = YES;
				CLANG_WARN_OBJC_ROOT_CLASS = YES_ERROR;
				CLANG_WARN_SUSPICIOUS_MOVE = YES;
				CLANG_WARN_UNREACHABLE_CODE = YES;
				CLANG_WARN__DUPLICATE_METHOD_MATCH = YES;
				"CODE_SIGN_IDENTITY[sdk=iphoneos*]" = "iPhone Developer";
				COPY_PHASE_STRIP = NO;
				DEBUG_INFORMATION_FORMAT = dwarf;
				ENABLE_STRICT_OBJC_MSGSEND = YES;
				ENABLE_TESTABILITY = YES;
				GCC_C_LANGUAGE_STANDARD = gnu99;
				GCC_DYNAMIC_NO_PIC = NO;
				GCC_NO_COMMON_BLOCKS = YES;
				GCC_OPTIMIZATION_LEVEL = 0;
				GCC_PREPROCESSOR_DEFINITIONS = (
					"DEBUG=1",
					"$(inherited)",
				);
				GCC_WARN_64_TO_32_BIT_CONVERSION = YES;
				GCC_WARN_ABOUT_RETURN_TYPE = YES_ERROR;
				GCC_WARN_UNDECLARED_SELECTOR = YES;
				GCC_WARN_UNINITIALIZED_AUTOS = YES_AGGRESSIVE;
				GCC_WARN_UNUSED_FUNCTION = YES;
				GCC_WARN_UNUSED_VARIABLE = YES;
				IPHONEOS_DEPLOYMENT_TARGET = 10.2;
				MTL_ENABLE_DEBUG_INFO = YES;
				ONLY_ACTIVE_ARCH = YES;
				SDKROOT = iphoneos;
				SWIFT_ACTIVE_COMPILATION_CONDITIONS = DEBUG;
				SWIFT_OPTIMIZATION_LEVEL = "-Onone";
				TARGETED_DEVICE_FAMILY = "1,2";
			};
			name = Debug;
		};
		9A8D43A31E1DCD2400B4799B /* Release */ = {
			isa = XCBuildConfiguration;
			buildSettings = {
				ALWAYS_SEARCH_USER_PATHS = NO;
				CLANG_ANALYZER_NONNULL = YES;
				CLANG_CXX_LANGUAGE_STANDARD = "gnu++0x";
				CLANG_CXX_LIBRARY = "libc++";
				CLANG_ENABLE_MODULES = YES;
				CLANG_ENABLE_OBJC_ARC = YES;
				CLANG_WARN_BOOL_CONVERSION = YES;
				CLANG_WARN_CONSTANT_CONVERSION = YES;
				CLANG_WARN_DIRECT_OBJC_ISA_USAGE = YES_ERROR;
				CLANG_WARN_DOCUMENTATION_COMMENTS = YES;
				CLANG_WARN_EMPTY_BODY = YES;
				CLANG_WARN_ENUM_CONVERSION = YES;
				CLANG_WARN_INFINITE_RECURSION = YES;
				CLANG_WARN_INT_CONVERSION = YES;
				CLANG_WARN_OBJC_ROOT_CLASS = YES_ERROR;
				CLANG_WARN_SUSPICIOUS_MOVE = YES;
				CLANG_WARN_UNREACHABLE_CODE = YES;
				CLANG_WARN__DUPLICATE_METHOD_MATCH = YES;
				"CODE_SIGN_IDENTITY[sdk=iphoneos*]" = "iPhone Developer";
				COPY_PHASE_STRIP = NO;
				DEBUG_INFORMATION_FORMAT = "dwarf-with-dsym";
				ENABLE_NS_ASSERTIONS = NO;
				ENABLE_STRICT_OBJC_MSGSEND = YES;
				GCC_C_LANGUAGE_STANDARD = gnu99;
				GCC_NO_COMMON_BLOCKS = YES;
				GCC_WARN_64_TO_32_BIT_CONVERSION = YES;
				GCC_WARN_ABOUT_RETURN_TYPE = YES_ERROR;
				GCC_WARN_UNDECLARED_SELECTOR = YES;
				GCC_WARN_UNINITIALIZED_AUTOS = YES_AGGRESSIVE;
				GCC_WARN_UNUSED_FUNCTION = YES;
				GCC_WARN_UNUSED_VARIABLE = YES;
				IPHONEOS_DEPLOYMENT_TARGET = 10.2;
				MTL_ENABLE_DEBUG_INFO = NO;
				SDKROOT = iphoneos;
				SWIFT_OPTIMIZATION_LEVEL = "-Owholemodule";
				TARGETED_DEVICE_FAMILY = "1,2";
				VALIDATE_PRODUCT = YES;
			};
			name = Release;
		};
		9A8D43A51E1DCD2400B4799B /* Debug */ = {
			isa = XCBuildConfiguration;
			buildSettings = {
				ASSETCATALOG_COMPILER_APPICON_NAME = AppIcon;
				DEVELOPMENT_TEAM = 4X39A8V5CB;
				INFOPLIST_FILE = MiraclePill/Info.plist;
				LD_RUNPATH_SEARCH_PATHS = "$(inherited) @executable_path/Frameworks";
				PRODUCT_BUNDLE_IDENTIFIER = com.soaresfelipef.MiraclePill;
				PRODUCT_NAME = "$(TARGET_NAME)";
				SWIFT_VERSION = 3.0;
			};
			name = Debug;
		};
		9A8D43A61E1DCD2400B4799B /* Release */ = {
			isa = XCBuildConfiguration;
			buildSettings = {
				ASSETCATALOG_COMPILER_APPICON_NAME = AppIcon;
				DEVELOPMENT_TEAM = 4X39A8V5CB;
				INFOPLIST_FILE = MiraclePill/Info.plist;
				LD_RUNPATH_SEARCH_PATHS = "$(inherited) @executable_path/Frameworks";
				PRODUCT_BUNDLE_IDENTIFIER = com.soaresfelipef.MiraclePill;
				PRODUCT_NAME = "$(TARGET_NAME)";
				SWIFT_VERSION = 3.0;
			};
			name = Release;
		};
		9A8D43A81E1DCD2400B4799B /* Debug */ = {
			isa = XCBuildConfiguration;
			buildSettings = {
				ALWAYS_EMBED_SWIFT_STANDARD_LIBRARIES = YES;
				BUNDLE_LOADER = "$(TEST_HOST)";
				DEVELOPMENT_TEAM = 4X39A8V5CB;
				INFOPLIST_FILE = MiraclePillTests/Info.plist;
				LD_RUNPATH_SEARCH_PATHS = "$(inherited) @executable_path/Frameworks @loader_path/Frameworks";
				PRODUCT_BUNDLE_IDENTIFIER = com.soaresfelipef.MiraclePillTests;
				PRODUCT_NAME = "$(TARGET_NAME)";
				SWIFT_VERSION = 3.0;
				TEST_HOST = "$(BUILT_PRODUCTS_DIR)/MiraclePill.app/MiraclePill";
			};
			name = Debug;
		};
		9A8D43A91E1DCD2400B4799B /* Release */ = {
			isa = XCBuildConfiguration;
			buildSettings = {
				ALWAYS_EMBED_SWIFT_STANDARD_LIBRARIES = YES;
				BUNDLE_LOADER = "$(TEST_HOST)";
				DEVELOPMENT_TEAM = 4X39A8V5CB;
				INFOPLIST_FILE = MiraclePillTests/Info.plist;
				LD_RUNPATH_SEARCH_PATHS = "$(inherited) @executable_path/Frameworks @loader_path/Frameworks";
				PRODUCT_BUNDLE_IDENTIFIER = com.soaresfelipef.MiraclePillTests;
				PRODUCT_NAME = "$(TARGET_NAME)";
				SWIFT_VERSION = 3.0;
				TEST_HOST = "$(BUILT_PRODUCTS_DIR)/MiraclePill.app/MiraclePill";
			};
			name = Release;
		};
		9A8D43AB1E1DCD2400B4799B /* Debug */ = {
			isa = XCBuildConfiguration;
			buildSettings = {
				ALWAYS_EMBED_SWIFT_STANDARD_LIBRARIES = YES;
				DEVELOPMENT_TEAM = 4X39A8V5CB;
				INFOPLIST_FILE = MiraclePillUITests/Info.plist;
				LD_RUNPATH_SEARCH_PATHS = "$(inherited) @executable_path/Frameworks @loader_path/Frameworks";
				PRODUCT_BUNDLE_IDENTIFIER = com.soaresfelipef.MiraclePillUITests;
				PRODUCT_NAME = "$(TARGET_NAME)";
				SWIFT_VERSION = 3.0;
				TEST_TARGET_NAME = MiraclePill;
			};
			name = Debug;
		};
		9A8D43AC1E1DCD2400B4799B /* Release */ = {
			isa = XCBuildConfiguration;
			buildSettings = {
				ALWAYS_EMBED_SWIFT_STANDARD_LIBRARIES = YES;
				DEVELOPMENT_TEAM = 4X39A8V5CB;
				INFOPLIST_FILE = MiraclePillUITests/Info.plist;
				LD_RUNPATH_SEARCH_PATHS = "$(inherited) @executable_path/Frameworks @loader_path/Frameworks";
				PRODUCT_BUNDLE_IDENTIFIER = com.soaresfelipef.MiraclePillUITests;
				PRODUCT_NAME = "$(TARGET_NAME)";
				SWIFT_VERSION = 3.0;
				TEST_TARGET_NAME = MiraclePill;
			};
			name = Release;
		};
/* End XCBuildConfiguration section */

/* Begin XCConfigurationList section */
		9A8D43771E1DCD2300B4799B /* Build configuration list for PBXProject "MiraclePill" */ = {
			isa = XCConfigurationList;
			buildConfigurations = (
				9A8D43A21E1DCD2400B4799B /* Debug */,
				9A8D43A31E1DCD2400B4799B /* Release */,
			);
			defaultConfigurationIsVisible = 0;
			defaultConfigurationName = Release;
		};
		9A8D43A41E1DCD2400B4799B /* Build configuration list for PBXNativeTarget "MiraclePill" */ = {
			isa = XCConfigurationList;
			buildConfigurations = (
				9A8D43A51E1DCD2400B4799B /* Debug */,
				9A8D43A61E1DCD2400B4799B /* Release */,
			);
			defaultConfigurationIsVisible = 0;
		};
		9A8D43A71E1DCD2400B4799B /* Build configuration list for PBXNativeTarget "MiraclePillTests" */ = {
			isa = XCConfigurationList;
			buildConfigurations = (
				9A8D43A81E1DCD2400B4799B /* Debug */,
				9A8D43A91E1DCD2400B4799B /* Release */,
			);
			defaultConfigurationIsVisible = 0;
		};
		9A8D43AA1E1DCD2400B4799B /* Build configuration list for PBXNativeTarget "MiraclePillUITests" */ = {
			isa = XCConfigurationList;
			buildConfigurations = (
				9A8D43AB1E1DCD2400B4799B /* Debug */,
				9A8D43AC1E1DCD2400B4799B /* Release */,
			);
			defaultConfigurationIsVisible = 0;
		};
/* End XCConfigurationList section */
	};
	rootObject = 9A8D43741E1DCD2300B4799B /* Project object */;
}
